
Microsoft Visual Studio Solution File, Format Version 12.00
# Visual Studio Version 17
VisualStudioVersion = 17.3.32901.215
MinimumVisualStudioVersion = 10.0.40219.1
Project("{FAE04EC0-301F-11D3-BF4B-00C04F79EFBC}") = "VidCourse", "VidCourse\VidCourse.csproj", "{557A9E78-3AD9-483C-B955-64F2F8222084}"
EndProject
Global
	GlobalSection(SolutionConfigurationPlatforms) = preSolution
		Debug|Any CPU = Debug|Any CPU
		Release|Any CPU = Release|Any CPU
	EndGlobalSection
	GlobalSection(ProjectConfigurationPlatforms) = postSolution
		{557A9E78-3AD9-483C-B955-64F2F8222084}.Debug|Any CPU.ActiveCfg = Debug|Any CPU
		{557A9E78-3AD9-483C-B955-64F2F8222084}.Debug|Any CPU.Build.0 = Debug|Any CPU
		{557A9E78-3AD9-483C-B955-64F2F8222084}.Release|Any CPU.ActiveCfg = Release|Any CPU
		{557A9E78-3AD9-483C-B955-64F2F8222084}.Release|Any CPU.Build.0 = Release|Any CPU
	EndGlobalSection
	GlobalSection(SolutionProperties) = preSolution
		HideSolutionNode = FALSE
	EndGlobalSection
	GlobalSection(ExtensibilityGlobals) = postSolution
		SolutionGuid = {CDB35A73-870B-4EB3-A0C0-686A9D0D78B0}
	EndGlobalSection
EndGlobal
